
Microsoft Visual Studio Solution File, Format Version 12.00
# Visual Studio Version 16
VisualStudioVersion = 25.0.1705.4
MinimumVisualStudioVersion = 10.0.40219.1
Project("{FAE04EC0-301F-11D3-BF4B-00C04F79EFBC}") = "POtoResx", "src\POtoResx.csproj", "{52ECA6D0-2ECD-4A0C-B4A0-284AC7CA29E0}"
EndProject
Project("{FAE04EC0-301F-11D3-BF4B-00C04F79EFBC}") = "UnitTests", "tests\UnitTests\UnitTests.csproj", "{DA836144-6B0E-46C9-8980-BF3607BBF620}"
EndProject
Global
	GlobalSection(SolutionConfigurationPlatforms) = preSolution
		Debug|Any CPU = Debug|Any CPU
		Release|Any CPU = Release|Any CPU
	EndGlobalSection
	GlobalSection(ProjectConfigurationPlatforms) = postSolution
		{52ECA6D0-2ECD-4A0C-B4A0-284AC7CA29E0}.Debug|Any CPU.ActiveCfg = Debug|Any CPU
		{52ECA6D0-2ECD-4A0C-B4A0-284AC7CA29E0}.Debug|Any CPU.Build.0 = Debug|Any CPU
		{52ECA6D0-2ECD-4A0C-B4A0-284AC7CA29E0}.Release|Any CPU.ActiveCfg = Release|Any CPU
		{52ECA6D0-2ECD-4A0C-B4A0-284AC7CA29E0}.Release|Any CPU.Build.0 = Release|Any CPU
		{DA836144-6B0E-46C9-8980-BF3607BBF620}.Debug|Any CPU.ActiveCfg = Debug|Any CPU
		{DA836144-6B0E-46C9-8980-BF3607BBF620}.Debug|Any CPU.Build.0 = Debug|Any CPU
		{DA836144-6B0E-46C9-8980-BF3607BBF620}.Release|Any CPU.ActiveCfg = Release|Any CPU
		{DA836144-6B0E-46C9-8980-BF3607BBF620}.Release|Any CPU.Build.0 = Release|Any CPU
	EndGlobalSection
	GlobalSection(SolutionProperties) = preSolution
		HideSolutionNode = FALSE
	EndGlobalSection
	GlobalSection(ExtensibilityGlobals) = postSolution
		SolutionGuid = {6508D703-9E0D-4085-AD86-44D197D36D1C}
	EndGlobalSection
EndGlobal
